
Microsoft Visual Studio Solution File, Format Version 12.00
# Visual Studio Version 17
VisualStudioVersion = 17.11.35222.181
MinimumVisualStudioVersion = 10.0.40219.1
Project("{2150E333-8FDC-42A3-9474-1A3956D46DE8}") = "Task0", "Task0", "{485897D9-507A-4D99-A2CB-EF2D6EEBEC04}"
EndProject
Project("{FAE04EC0-301F-11D3-BF4B-00C04F79EFBC}") = "Tyuiu.ZhukovaYA.Sprint0.Task0.V0", "Tyuiu.ZhukovaYA.Sprint0.Task0.V0\Tyuiu.ZhukovaYA.Sprint0.Task0.V0.csproj", "{101D738D-255E-4C21-8696-9340394D6109}"
EndProject
Global
	GlobalSection(SolutionConfigurationPlatforms) = preSolution
		Debug|Any CPU = Debug|Any CPU
		Release|Any CPU = Release|Any CPU
	EndGlobalSection
	GlobalSection(ProjectConfigurationPlatforms) = postSolution
		{101D738D-255E-4C21-8696-9340394D6109}.Debug|Any CPU.ActiveCfg = Debug|Any CPU
		{101D738D-255E-4C21-8696-9340394D6109}.Debug|Any CPU.Build.0 = Debug|Any CPU
		{101D738D-255E-4C21-8696-9340394D6109}.Release|Any CPU.ActiveCfg = Release|Any CPU
		{101D738D-255E-4C21-8696-9340394D6109}.Release|Any CPU.Build.0 = Release|Any CPU
	EndGlobalSection
	GlobalSection(SolutionProperties) = preSolution
		HideSolutionNode = FALSE
	EndGlobalSection
	GlobalSection(NestedProjects) = preSolution
		{101D738D-255E-4C21-8696-9340394D6109} = {485897D9-507A-4D99-A2CB-EF2D6EEBEC04}
	EndGlobalSection
	GlobalSection(ExtensibilityGlobals) = postSolution
		SolutionGuid = {3A59CF0B-B37C-451C-9AEE-8CE3C17EDA4B}
	EndGlobalSection
EndGlobal
